
Microsoft Visual Studio Solution File, Format Version 12.00
# Visual Studio Version 17
VisualStudioVersion = 17.5.33627.172
MinimumVisualStudioVersion = 10.0.40219.1
Project("{9A19103F-16F7-4668-BE54-9A1E7A4F7556}") = "EMPACT - WEB API", "EMPACT - WEB API\EMPACT - WEB API.csproj", "{036693DE-4A86-4055-9C12-22EEC2CE2E13}"
EndProject
Global
	GlobalSection(SolutionConfigurationPlatforms) = preSolution
		Debug|Any CPU = Debug|Any CPU
		Release|Any CPU = Release|Any CPU
	EndGlobalSection
	GlobalSection(ProjectConfigurationPlatforms) = postSolution
		{036693DE-4A86-4055-9C12-22EEC2CE2E13}.Debug|Any CPU.ActiveCfg = Debug|Any CPU
		{036693DE-4A86-4055-9C12-22EEC2CE2E13}.Debug|Any CPU.Build.0 = Debug|Any CPU
		{036693DE-4A86-4055-9C12-22EEC2CE2E13}.Release|Any CPU.ActiveCfg = Release|Any CPU
		{036693DE-4A86-4055-9C12-22EEC2CE2E13}.Release|Any CPU.Build.0 = Release|Any CPU
	EndGlobalSection
	GlobalSection(SolutionProperties) = preSolution
		HideSolutionNode = FALSE
	EndGlobalSection
	GlobalSection(ExtensibilityGlobals) = postSolution
		SolutionGuid = {72BE95A7-3F73-436E-8468-53D27C539A8F}
	EndGlobalSection
EndGlobal
